
Microsoft Visual Studio Solution File, Format Version 12.00
# Visual Studio 15
VisualStudioVersion = 15.0.28307.902
MinimumVisualStudioVersion = 10.0.40219.1
Project("{9A19103F-16F7-4668-BE54-9A1E7A4F7556}") = "Colonel.Stock", "src\Colonel.Stock\Colonel.Stock.csproj", "{DA69340A-96F2-4D4A-8FEC-B009DC792A92}"
EndProject
Project("{9A19103F-16F7-4668-BE54-9A1E7A4F7556}") = "Colonel.Price", "src\Colonel.Price\Colonel.Price.csproj", "{EE4B3B0B-C94A-490E-9B3B-581FF0DEC19C}"
EndProject
Project("{9A19103F-16F7-4668-BE54-9A1E7A4F7556}") = "Colonel.Product", "src\Colonel.Product\Colonel.Product.csproj", "{54FEB86D-A748-4F79-9FED-D1FFA894E802}"
EndProject
Project("{9A19103F-16F7-4668-BE54-9A1E7A4F7556}") = "Colonel.Shopping", "src\Colonel.Shopping\Colonel.Shopping.csproj", "{0CB6D281-2BC8-4FC8-B0AF-B2132FF99FDE}"
EndProject
Project("{FAE04EC0-301F-11D3-BF4B-00C04F79EFBC}") = "Colonel.User", "src\Colonel.User\Colonel.User.csproj", "{2B765D64-0826-49A0-AD50-A67865A74389}"
EndProject
Global
	GlobalSection(SolutionConfigurationPlatforms) = preSolution
		Debug|Any CPU = Debug|Any CPU
		Release|Any CPU = Release|Any CPU
	EndGlobalSection
	GlobalSection(ProjectConfigurationPlatforms) = postSolution
		{DA69340A-96F2-4D4A-8FEC-B009DC792A92}.Debug|Any CPU.ActiveCfg = Debug|Any CPU
		{DA69340A-96F2-4D4A-8FEC-B009DC792A92}.Debug|Any CPU.Build.0 = Debug|Any CPU
		{DA69340A-96F2-4D4A-8FEC-B009DC792A92}.Release|Any CPU.ActiveCfg = Release|Any CPU
		{DA69340A-96F2-4D4A-8FEC-B009DC792A92}.Release|Any CPU.Build.0 = Release|Any CPU
		{EE4B3B0B-C94A-490E-9B3B-581FF0DEC19C}.Debug|Any CPU.ActiveCfg = Debug|Any CPU
		{EE4B3B0B-C94A-490E-9B3B-581FF0DEC19C}.Debug|Any CPU.Build.0 = Debug|Any CPU
		{EE4B3B0B-C94A-490E-9B3B-581FF0DEC19C}.Release|Any CPU.ActiveCfg = Release|Any CPU
		{EE4B3B0B-C94A-490E-9B3B-581FF0DEC19C}.Release|Any CPU.Build.0 = Release|Any CPU
		{54FEB86D-A748-4F79-9FED-D1FFA894E802}.Debug|Any CPU.ActiveCfg = Debug|Any CPU
		{54FEB86D-A748-4F79-9FED-D1FFA894E802}.Debug|Any CPU.Build.0 = Debug|Any CPU
		{54FEB86D-A748-4F79-9FED-D1FFA894E802}.Release|Any CPU.ActiveCfg = Release|Any CPU
		{54FEB86D-A748-4F79-9FED-D1FFA894E802}.Release|Any CPU.Build.0 = Release|Any CPU
		{0CB6D281-2BC8-4FC8-B0AF-B2132FF99FDE}.Debug|Any CPU.ActiveCfg = Debug|Any CPU
		{0CB6D281-2BC8-4FC8-B0AF-B2132FF99FDE}.Debug|Any CPU.Build.0 = Debug|Any CPU
		{0CB6D281-2BC8-4FC8-B0AF-B2132FF99FDE}.Release|Any CPU.ActiveCfg = Release|Any CPU
		{0CB6D281-2BC8-4FC8-B0AF-B2132FF99FDE}.Release|Any CPU.Build.0 = Release|Any CPU
		{2B765D64-0826-49A0-AD50-A67865A74389}.Debug|Any CPU.ActiveCfg = Debug|Any CPU
		{2B765D64-0826-49A0-AD50-A67865A74389}.Debug|Any CPU.Build.0 = Debug|Any CPU
		{2B765D64-0826-49A0-AD50-A67865A74389}.Release|Any CPU.ActiveCfg = Release|Any CPU
		{2B765D64-0826-49A0-AD50-A67865A74389}.Release|Any CPU.Build.0 = Release|Any CPU
	EndGlobalSection
	GlobalSection(SolutionProperties) = preSolution
		HideSolutionNode = FALSE
	EndGlobalSection
	GlobalSection(ExtensibilityGlobals) = postSolution
		SolutionGuid = {3E9740E6-5B79-4529-853C-1B1ABA0F15FE}
	EndGlobalSection
EndGlobal
