
Microsoft Visual Studio Solution File, Format Version 12.00
# Visual Studio 15
VisualStudioVersion = 15.0.28307.902
MinimumVisualStudioVersion = 10.0.40219.1
Project("{9A19103F-16F7-4668-BE54-9A1E7A4F7556}") = "Colonel.Stock", "src\Colonel.Stock\Colonel.Stock.csproj", "{DA69340A-96F2-4D4A-8FEC-B009DC792A92}"
EndProject
Project("{9A19103F-16F7-4668-BE54-9A1E7A4F7556}") = "Colonel.Price", "src\Colonel.Price\Colonel.Price.csproj", "{EE4B3B0B-C94A-490E-9B3B-581FF0DEC19C}"
EndProject
Project("{9A19103F-16F7-4668-BE54-9A1E7A4F7556}") = "Colonel.Product", "src\Colonel.Product\Colonel.Product.csproj", "{54FEB86D-A748-4F79-9FED-D1FFA894E802}"
EndProject
Project("{9A19103F-16F7-4668-BE54-9A1E7A4F7556}") = "Colonel.Shopping", "src\Colonel.Shopping\Colonel.Shopping.csproj", "{0CB6D281-2BC8-4FC8-B0AF-B2132FF99FDE}"
EndProject
Project("{9A19103F-16F7-4668-BE54-9A1E7A4F7556}") = "Colonel.User", "src\Colonel.User\Colonel.User.csproj", "{2B765D64-0826-49A0-AD50-A67865A74389}"
EndProject
Project("{2150E333-8FDC-42A3-9474-1A3956D46DE8}") = "Services", "Services", "{1CED48A7-3110-4D88-B5CE-ED07CE9148A6}"
EndProject
Project("{2150E333-8FDC-42A3-9474-1A3956D46DE8}") = "Tests", "Tests", "{9DCC3450-2F49-47EA-9997-EF1FD903765A}"
EndProject
Project("{9A19103F-16F7-4668-BE54-9A1E7A4F7556}") = "Colonel.Stocks.Tests", "tests\Colonel.Stocks.Tests\Colonel.Stocks.Tests.csproj", "{487E3E22-82D1-45A6-9332-9E5CD72B9A8F}"
EndProject
Project("{9A19103F-16F7-4668-BE54-9A1E7A4F7556}") = "Colonel.Price.Tests", "tests\Colonel.Price.Tests\Colonel.Price.Tests.csproj", "{B0BC0339-6E45-4FC9-8CE5-2B0DE6ACACAA}"
EndProject
Project("{9A19103F-16F7-4668-BE54-9A1E7A4F7556}") = "Colonel.User.Tests", "tests\Colonel.User.Tests\Colonel.User.Tests.csproj", "{39C20AD1-2C38-47F9-B216-2ACB1F8A9C2C}"
EndProject
Project("{FAE04EC0-301F-11D3-BF4B-00C04F79EFBC}") = "Colonel.Product.Tests", "tests\Colonel.Product.Tests\Colonel.Product.Tests.csproj", "{7E271924-8484-4E79-9B5D-53B3BE61CC98}"
EndProject
Project("{FAE04EC0-301F-11D3-BF4B-00C04F79EFBC}") = "Colonel.Shopping.Tests", "tests\Colonel.Shopping.Tests\Colonel.Shopping.Tests.csproj", "{686AEDE9-5D25-42C5-9DA9-B980ED56C8FA}"
EndProject
Global
	GlobalSection(SolutionConfigurationPlatforms) = preSolution
		Debug|Any CPU = Debug|Any CPU
		Release|Any CPU = Release|Any CPU
	EndGlobalSection
	GlobalSection(ProjectConfigurationPlatforms) = postSolution
		{DA69340A-96F2-4D4A-8FEC-B009DC792A92}.Debug|Any CPU.ActiveCfg = Debug|Any CPU
		{DA69340A-96F2-4D4A-8FEC-B009DC792A92}.Debug|Any CPU.Build.0 = Debug|Any CPU
		{DA69340A-96F2-4D4A-8FEC-B009DC792A92}.Release|Any CPU.ActiveCfg = Release|Any CPU
		{DA69340A-96F2-4D4A-8FEC-B009DC792A92}.Release|Any CPU.Build.0 = Release|Any CPU
		{EE4B3B0B-C94A-490E-9B3B-581FF0DEC19C}.Debug|Any CPU.ActiveCfg = Debug|Any CPU
		{EE4B3B0B-C94A-490E-9B3B-581FF0DEC19C}.Debug|Any CPU.Build.0 = Debug|Any CPU
		{EE4B3B0B-C94A-490E-9B3B-581FF0DEC19C}.Release|Any CPU.ActiveCfg = Release|Any CPU
		{EE4B3B0B-C94A-490E-9B3B-581FF0DEC19C}.Release|Any CPU.Build.0 = Release|Any CPU
		{54FEB86D-A748-4F79-9FED-D1FFA894E802}.Debug|Any CPU.ActiveCfg = Debug|Any CPU
		{54FEB86D-A748-4F79-9FED-D1FFA894E802}.Debug|Any CPU.Build.0 = Debug|Any CPU
		{54FEB86D-A748-4F79-9FED-D1FFA894E802}.Release|Any CPU.ActiveCfg = Release|Any CPU
		{54FEB86D-A748-4F79-9FED-D1FFA894E802}.Release|Any CPU.Build.0 = Release|Any CPU
		{0CB6D281-2BC8-4FC8-B0AF-B2132FF99FDE}.Debug|Any CPU.ActiveCfg = Debug|Any CPU
		{0CB6D281-2BC8-4FC8-B0AF-B2132FF99FDE}.Debug|Any CPU.Build.0 = Debug|Any CPU
		{0CB6D281-2BC8-4FC8-B0AF-B2132FF99FDE}.Release|Any CPU.ActiveCfg = Release|Any CPU
		{0CB6D281-2BC8-4FC8-B0AF-B2132FF99FDE}.Release|Any CPU.Build.0 = Release|Any CPU
		{2B765D64-0826-49A0-AD50-A67865A74389}.Debug|Any CPU.ActiveCfg = Debug|Any CPU
		{2B765D64-0826-49A0-AD50-A67865A74389}.Debug|Any CPU.Build.0 = Debug|Any CPU
		{2B765D64-0826-49A0-AD50-A67865A74389}.Release|Any CPU.ActiveCfg = Release|Any CPU
		{2B765D64-0826-49A0-AD50-A67865A74389}.Release|Any CPU.Build.0 = Release|Any CPU
		{487E3E22-82D1-45A6-9332-9E5CD72B9A8F}.Debug|Any CPU.ActiveCfg = Debug|Any CPU
		{487E3E22-82D1-45A6-9332-9E5CD72B9A8F}.Debug|Any CPU.Build.0 = Debug|Any CPU
		{487E3E22-82D1-45A6-9332-9E5CD72B9A8F}.Release|Any CPU.ActiveCfg = Release|Any CPU
		{487E3E22-82D1-45A6-9332-9E5CD72B9A8F}.Release|Any CPU.Build.0 = Release|Any CPU
		{B0BC0339-6E45-4FC9-8CE5-2B0DE6ACACAA}.Debug|Any CPU.ActiveCfg = Debug|Any CPU
		{B0BC0339-6E45-4FC9-8CE5-2B0DE6ACACAA}.Debug|Any CPU.Build.0 = Debug|Any CPU
		{B0BC0339-6E45-4FC9-8CE5-2B0DE6ACACAA}.Release|Any CPU.ActiveCfg = Release|Any CPU
		{B0BC0339-6E45-4FC9-8CE5-2B0DE6ACACAA}.Release|Any CPU.Build.0 = Release|Any CPU
		{39C20AD1-2C38-47F9-B216-2ACB1F8A9C2C}.Debug|Any CPU.ActiveCfg = Debug|Any CPU
		{39C20AD1-2C38-47F9-B216-2ACB1F8A9C2C}.Debug|Any CPU.Build.0 = Debug|Any CPU
		{39C20AD1-2C38-47F9-B216-2ACB1F8A9C2C}.Release|Any CPU.ActiveCfg = Release|Any CPU
		{39C20AD1-2C38-47F9-B216-2ACB1F8A9C2C}.Release|Any CPU.Build.0 = Release|Any CPU
		{7E271924-8484-4E79-9B5D-53B3BE61CC98}.Debug|Any CPU.ActiveCfg = Debug|Any CPU
		{7E271924-8484-4E79-9B5D-53B3BE61CC98}.Debug|Any CPU.Build.0 = Debug|Any CPU
		{7E271924-8484-4E79-9B5D-53B3BE61CC98}.Release|Any CPU.ActiveCfg = Release|Any CPU
		{7E271924-8484-4E79-9B5D-53B3BE61CC98}.Release|Any CPU.Build.0 = Release|Any CPU
		{686AEDE9-5D25-42C5-9DA9-B980ED56C8FA}.Debug|Any CPU.ActiveCfg = Debug|Any CPU
		{686AEDE9-5D25-42C5-9DA9-B980ED56C8FA}.Debug|Any CPU.Build.0 = Debug|Any CPU
		{686AEDE9-5D25-42C5-9DA9-B980ED56C8FA}.Release|Any CPU.ActiveCfg = Release|Any CPU
		{686AEDE9-5D25-42C5-9DA9-B980ED56C8FA}.Release|Any CPU.Build.0 = Release|Any CPU
	EndGlobalSection
	GlobalSection(SolutionProperties) = preSolution
		HideSolutionNode = FALSE
	EndGlobalSection
	GlobalSection(NestedProjects) = preSolution
		{DA69340A-96F2-4D4A-8FEC-B009DC792A92} = {1CED48A7-3110-4D88-B5CE-ED07CE9148A6}
		{EE4B3B0B-C94A-490E-9B3B-581FF0DEC19C} = {1CED48A7-3110-4D88-B5CE-ED07CE9148A6}
		{54FEB86D-A748-4F79-9FED-D1FFA894E802} = {1CED48A7-3110-4D88-B5CE-ED07CE9148A6}
		{0CB6D281-2BC8-4FC8-B0AF-B2132FF99FDE} = {1CED48A7-3110-4D88-B5CE-ED07CE9148A6}
		{2B765D64-0826-49A0-AD50-A67865A74389} = {1CED48A7-3110-4D88-B5CE-ED07CE9148A6}
		{487E3E22-82D1-45A6-9332-9E5CD72B9A8F} = {9DCC3450-2F49-47EA-9997-EF1FD903765A}
		{B0BC0339-6E45-4FC9-8CE5-2B0DE6ACACAA} = {9DCC3450-2F49-47EA-9997-EF1FD903765A}
		{39C20AD1-2C38-47F9-B216-2ACB1F8A9C2C} = {9DCC3450-2F49-47EA-9997-EF1FD903765A}
		{7E271924-8484-4E79-9B5D-53B3BE61CC98} = {9DCC3450-2F49-47EA-9997-EF1FD903765A}
		{686AEDE9-5D25-42C5-9DA9-B980ED56C8FA} = {9DCC3450-2F49-47EA-9997-EF1FD903765A}
	EndGlobalSection
	GlobalSection(ExtensibilityGlobals) = postSolution
		SolutionGuid = {3E9740E6-5B79-4529-853C-1B1ABA0F15FE}
	EndGlobalSection
EndGlobal
